
Microsoft Visual Studio Solution File, Format Version 12.00
# Visual Studio 15
VisualStudioVersion = 15.0.27130.2027
MinimumVisualStudioVersion = 10.0.40219.1
Project("{9A19103F-16F7-4668-BE54-9A1E7A4F7556}") = "SportsStore", "SportsStore\SportsStore.csproj", "{E27BAA1D-25E1-4A98-A2FC-32E5E88D6685}"
EndProject
Project("{9A19103F-16F7-4668-BE54-9A1E7A4F7556}") = "SportsStore.Tests", "SportsStore.Tests\SportsStore.Tests.csproj", "{1A53A151-3B5F-492E-BCD3-311AA9E9CDD4}"
EndProject
Global
	GlobalSection(SolutionConfigurationPlatforms) = preSolution
		Debug|Any CPU = Debug|Any CPU
		Release|Any CPU = Release|Any CPU
	EndGlobalSection
	GlobalSection(ProjectConfigurationPlatforms) = postSolution
		{E27BAA1D-25E1-4A98-A2FC-32E5E88D6685}.Debug|Any CPU.ActiveCfg = Debug|Any CPU
		{E27BAA1D-25E1-4A98-A2FC-32E5E88D6685}.Debug|Any CPU.Build.0 = Debug|Any CPU
		{E27BAA1D-25E1-4A98-A2FC-32E5E88D6685}.Release|Any CPU.ActiveCfg = Release|Any CPU
		{E27BAA1D-25E1-4A98-A2FC-32E5E88D6685}.Release|Any CPU.Build.0 = Release|Any CPU
		{1A53A151-3B5F-492E-BCD3-311AA9E9CDD4}.Debug|Any CPU.ActiveCfg = Debug|Any CPU
		{1A53A151-3B5F-492E-BCD3-311AA9E9CDD4}.Debug|Any CPU.Build.0 = Debug|Any CPU
		{1A53A151-3B5F-492E-BCD3-311AA9E9CDD4}.Release|Any CPU.ActiveCfg = Release|Any CPU
		{1A53A151-3B5F-492E-BCD3-311AA9E9CDD4}.Release|Any CPU.Build.0 = Release|Any CPU
	EndGlobalSection
	GlobalSection(SolutionProperties) = preSolution
		HideSolutionNode = FALSE
	EndGlobalSection
	GlobalSection(ExtensibilityGlobals) = postSolution
		SolutionGuid = {ECFCDF11-C4A0-4692-9016-32EF140A02E0}
	EndGlobalSection
EndGlobal
